
Microsoft Visual Studio Solution File, Format Version 12.00
# Visual Studio Version 17
VisualStudioVersion = 17.8.34316.72
MinimumVisualStudioVersion = 10.0.40219.1
Project("{FAE04EC0-301F-11D3-BF4B-00C04F79EFBC}") = "Task2M1StudentRaiting", "Task2M1StudentRaiting.csproj", "{55FA5714-A4D2-4A08-A287-FF416D7EFB26}"
EndProject
Global
	GlobalSection(SolutionConfigurationPlatforms) = preSolution
		Debug|Any CPU = Debug|Any CPU
		Release|Any CPU = Release|Any CPU
	EndGlobalSection
	GlobalSection(ProjectConfigurationPlatforms) = postSolution
		{55FA5714-A4D2-4A08-A287-FF416D7EFB26}.Debug|Any CPU.ActiveCfg = Debug|Any CPU
		{55FA5714-A4D2-4A08-A287-FF416D7EFB26}.Debug|Any CPU.Build.0 = Debug|Any CPU
		{55FA5714-A4D2-4A08-A287-FF416D7EFB26}.Release|Any CPU.ActiveCfg = Release|Any CPU
		{55FA5714-A4D2-4A08-A287-FF416D7EFB26}.Release|Any CPU.Build.0 = Release|Any CPU
	EndGlobalSection
	GlobalSection(SolutionProperties) = preSolution
		HideSolutionNode = FALSE
	EndGlobalSection
	GlobalSection(ExtensibilityGlobals) = postSolution
		SolutionGuid = {C7B37695-2891-4C6A-AF5F-38B651875702}
	EndGlobalSection
EndGlobal
